
Microsoft Visual Studio Solution File, Format Version 12.00
# Visual Studio Version 17
VisualStudioVersion = 17.3.32811.315
MinimumVisualStudioVersion = 10.0.40219.1
Project("{FAE04EC0-301F-11D3-BF4B-00C04F79EFBC}") = "P1008P", "P1008P.csproj", "{813905CA-CB42-491A-A0D0-8E363827F549}"
EndProject
Global
	GlobalSection(SolutionConfigurationPlatforms) = preSolution
		Debug|Any CPU = Debug|Any CPU
		Release|Any CPU = Release|Any CPU
	EndGlobalSection
	GlobalSection(ProjectConfigurationPlatforms) = postSolution
		{813905CA-CB42-491A-A0D0-8E363827F549}.Debug|Any CPU.ActiveCfg = Debug|Any CPU
		{813905CA-CB42-491A-A0D0-8E363827F549}.Debug|Any CPU.Build.0 = Debug|Any CPU
		{813905CA-CB42-491A-A0D0-8E363827F549}.Release|Any CPU.ActiveCfg = Release|Any CPU
		{813905CA-CB42-491A-A0D0-8E363827F549}.Release|Any CPU.Build.0 = Release|Any CPU
	EndGlobalSection
	GlobalSection(SolutionProperties) = preSolution
		HideSolutionNode = FALSE
	EndGlobalSection
	GlobalSection(ExtensibilityGlobals) = postSolution
		SolutionGuid = {B92BC106-3331-4272-8269-7CC4ECAA2EE1}
	EndGlobalSection
EndGlobal
