
Microsoft Visual Studio Solution File, Format Version 12.00
# Visual Studio Version 17
VisualStudioVersion = 17.3.32811.315
MinimumVisualStudioVersion = 10.0.40219.1
Project("{FAE04EC0-301F-11D3-BF4B-00C04F79EFBC}") = "1036", "1036.csproj", "{817FD269-962A-4FCF-83F9-76C8159468F7}"
EndProject
Global
	GlobalSection(SolutionConfigurationPlatforms) = preSolution
		Debug|Any CPU = Debug|Any CPU
		Release|Any CPU = Release|Any CPU
	EndGlobalSection
	GlobalSection(ProjectConfigurationPlatforms) = postSolution
		{817FD269-962A-4FCF-83F9-76C8159468F7}.Debug|Any CPU.ActiveCfg = Debug|Any CPU
		{817FD269-962A-4FCF-83F9-76C8159468F7}.Debug|Any CPU.Build.0 = Debug|Any CPU
		{817FD269-962A-4FCF-83F9-76C8159468F7}.Release|Any CPU.ActiveCfg = Release|Any CPU
		{817FD269-962A-4FCF-83F9-76C8159468F7}.Release|Any CPU.Build.0 = Release|Any CPU
	EndGlobalSection
	GlobalSection(SolutionProperties) = preSolution
		HideSolutionNode = FALSE
	EndGlobalSection
	GlobalSection(ExtensibilityGlobals) = postSolution
		SolutionGuid = {55D360F4-9292-4124-B1A5-E4B74710BB64}
	EndGlobalSection
EndGlobal
