
Microsoft Visual Studio Solution File, Format Version 12.00
# Visual Studio Version 17
VisualStudioVersion = 17.3.32811.315
MinimumVisualStudioVersion = 10.0.40219.1
Project("{FAE04EC0-301F-11D3-BF4B-00C04F79EFBC}") = "Cronômetro", "Cronômetro.csproj", "{02AC900A-5DCC-4F29-A7A0-CBCAAE9C12C1}"
EndProject
Global
	GlobalSection(SolutionConfigurationPlatforms) = preSolution
		Debug|Any CPU = Debug|Any CPU
		Release|Any CPU = Release|Any CPU
	EndGlobalSection
	GlobalSection(ProjectConfigurationPlatforms) = postSolution
		{02AC900A-5DCC-4F29-A7A0-CBCAAE9C12C1}.Debug|Any CPU.ActiveCfg = Debug|Any CPU
		{02AC900A-5DCC-4F29-A7A0-CBCAAE9C12C1}.Debug|Any CPU.Build.0 = Debug|Any CPU
		{02AC900A-5DCC-4F29-A7A0-CBCAAE9C12C1}.Release|Any CPU.ActiveCfg = Release|Any CPU
		{02AC900A-5DCC-4F29-A7A0-CBCAAE9C12C1}.Release|Any CPU.Build.0 = Release|Any CPU
	EndGlobalSection
	GlobalSection(SolutionProperties) = preSolution
		HideSolutionNode = FALSE
	EndGlobalSection
	GlobalSection(ExtensibilityGlobals) = postSolution
		SolutionGuid = {9F9ABF5B-BDE6-4E92-AB13-19B288D04E74}
	EndGlobalSection
EndGlobal
